
Microsoft Visual Studio Solution File, Format Version 12.00
# Visual Studio Version 17
VisualStudioVersion = 17.13.35828.75
MinimumVisualStudioVersion = 10.0.40219.1
Project("{FAE04EC0-301F-11D3-BF4B-00C04F79EFBC}") = "Repository", "Repository\Repository.csproj", "{65AE8301-99AD-4270-8605-B67385EF55F3}"
EndProject
Project("{FAE04EC0-301F-11D3-BF4B-00C04F79EFBC}") = "Utilities", "Utilities\Utilities.csproj", "{3A97F2DA-7824-467F-A78C-4E294D1496C4}"
EndProject
Project("{FAE04EC0-301F-11D3-BF4B-00C04F79EFBC}") = "Services", "Services\Services.csproj", "{97207750-6972-232F-BB7B-6106666106AF}"
EndProject
Project("{2150E333-8FDC-42A3-9474-1A3956D46DE8}") = "1.Application", "1.Application", "{02EA681E-C7D8-13C7-8484-4AC65E1B71E8}"
EndProject
Project("{2150E333-8FDC-42A3-9474-1A3956D46DE8}") = "2.Domain", "2.Domain", "{F1580552-0AE5-41E6-8F78-A734466696B7}"
EndProject
Project("{FAE04EC0-301F-11D3-BF4B-00C04F79EFBC}") = "Models", "Models\Models.csproj", "{FD8F8167-DF45-443E-B772-79A52C4BBB8E}"
EndProject
Project("{2150E333-8FDC-42A3-9474-1A3956D46DE8}") = "3.Infrastructure", "3.Infrastructure", "{A0A04B44-47AC-4813-900B-176CC4CD102A}"
EndProject
Project("{FAE04EC0-301F-11D3-BF4B-00C04F79EFBC}") = "WebApi", "WebApi\WebApi.csproj", "{8D6B33C5-CEE1-20B5-A207-99CBB61F699C}"
EndProject
Project("{2150E333-8FDC-42A3-9474-1A3956D46DE8}") = "4.UnitTest", "4.UnitTest", "{1DA82394-9E89-47EA-B1A3-EF3464F143D2}"
EndProject
Project("{FAE04EC0-301F-11D3-BF4B-00C04F79EFBC}") = "UnitTest", "UnitTest\UnitTest.csproj", "{E6F190E7-B675-6E01-F209-BD476091BC92}"
EndProject
Global
	GlobalSection(SolutionConfigurationPlatforms) = preSolution
		Debug|Any CPU = Debug|Any CPU
		Release|Any CPU = Release|Any CPU
		TEST|Any CPU = TEST|Any CPU
	EndGlobalSection
	GlobalSection(ProjectConfigurationPlatforms) = postSolution
		{65AE8301-99AD-4270-8605-B67385EF55F3}.Debug|Any CPU.ActiveCfg = Debug|Any CPU
		{65AE8301-99AD-4270-8605-B67385EF55F3}.Debug|Any CPU.Build.0 = Debug|Any CPU
		{65AE8301-99AD-4270-8605-B67385EF55F3}.Release|Any CPU.ActiveCfg = Release|Any CPU
		{65AE8301-99AD-4270-8605-B67385EF55F3}.Release|Any CPU.Build.0 = Release|Any CPU
		{65AE8301-99AD-4270-8605-B67385EF55F3}.TEST|Any CPU.ActiveCfg = TEST|Any CPU
		{65AE8301-99AD-4270-8605-B67385EF55F3}.TEST|Any CPU.Build.0 = TEST|Any CPU
		{3A97F2DA-7824-467F-A78C-4E294D1496C4}.Debug|Any CPU.ActiveCfg = Debug|Any CPU
		{3A97F2DA-7824-467F-A78C-4E294D1496C4}.Debug|Any CPU.Build.0 = Debug|Any CPU
		{3A97F2DA-7824-467F-A78C-4E294D1496C4}.Release|Any CPU.ActiveCfg = Release|Any CPU
		{3A97F2DA-7824-467F-A78C-4E294D1496C4}.Release|Any CPU.Build.0 = Release|Any CPU
		{3A97F2DA-7824-467F-A78C-4E294D1496C4}.TEST|Any CPU.ActiveCfg = TEST|Any CPU
		{3A97F2DA-7824-467F-A78C-4E294D1496C4}.TEST|Any CPU.Build.0 = TEST|Any CPU
		{97207750-6972-232F-BB7B-6106666106AF}.Debug|Any CPU.ActiveCfg = Debug|Any CPU
		{97207750-6972-232F-BB7B-6106666106AF}.Debug|Any CPU.Build.0 = Debug|Any CPU
		{97207750-6972-232F-BB7B-6106666106AF}.Release|Any CPU.ActiveCfg = Release|Any CPU
		{97207750-6972-232F-BB7B-6106666106AF}.Release|Any CPU.Build.0 = Release|Any CPU
		{97207750-6972-232F-BB7B-6106666106AF}.TEST|Any CPU.ActiveCfg = TEST|Any CPU
		{97207750-6972-232F-BB7B-6106666106AF}.TEST|Any CPU.Build.0 = TEST|Any CPU
		{FD8F8167-DF45-443E-B772-79A52C4BBB8E}.Debug|Any CPU.ActiveCfg = Debug|Any CPU
		{FD8F8167-DF45-443E-B772-79A52C4BBB8E}.Debug|Any CPU.Build.0 = Debug|Any CPU
		{FD8F8167-DF45-443E-B772-79A52C4BBB8E}.Release|Any CPU.ActiveCfg = Release|Any CPU
		{FD8F8167-DF45-443E-B772-79A52C4BBB8E}.Release|Any CPU.Build.0 = Release|Any CPU
		{FD8F8167-DF45-443E-B772-79A52C4BBB8E}.TEST|Any CPU.ActiveCfg = TEST|Any CPU
		{FD8F8167-DF45-443E-B772-79A52C4BBB8E}.TEST|Any CPU.Build.0 = TEST|Any CPU
		{8D6B33C5-CEE1-20B5-A207-99CBB61F699C}.Debug|Any CPU.ActiveCfg = Debug|Any CPU
		{8D6B33C5-CEE1-20B5-A207-99CBB61F699C}.Debug|Any CPU.Build.0 = Debug|Any CPU
		{8D6B33C5-CEE1-20B5-A207-99CBB61F699C}.Release|Any CPU.ActiveCfg = Release|Any CPU
		{8D6B33C5-CEE1-20B5-A207-99CBB61F699C}.Release|Any CPU.Build.0 = Release|Any CPU
		{8D6B33C5-CEE1-20B5-A207-99CBB61F699C}.TEST|Any CPU.ActiveCfg = TEST|Any CPU
		{8D6B33C5-CEE1-20B5-A207-99CBB61F699C}.TEST|Any CPU.Build.0 = TEST|Any CPU
		{E6F190E7-B675-6E01-F209-BD476091BC92}.Debug|Any CPU.ActiveCfg = Debug|Any CPU
		{E6F190E7-B675-6E01-F209-BD476091BC92}.Debug|Any CPU.Build.0 = Debug|Any CPU
		{E6F190E7-B675-6E01-F209-BD476091BC92}.Release|Any CPU.ActiveCfg = Release|Any CPU
		{E6F190E7-B675-6E01-F209-BD476091BC92}.Release|Any CPU.Build.0 = Release|Any CPU
		{E6F190E7-B675-6E01-F209-BD476091BC92}.TEST|Any CPU.ActiveCfg = Debug|Any CPU
		{E6F190E7-B675-6E01-F209-BD476091BC92}.TEST|Any CPU.Build.0 = Debug|Any CPU
	EndGlobalSection
	GlobalSection(SolutionProperties) = preSolution
		HideSolutionNode = FALSE
	EndGlobalSection
	GlobalSection(NestedProjects) = preSolution
		{65AE8301-99AD-4270-8605-B67385EF55F3} = {A0A04B44-47AC-4813-900B-176CC4CD102A}
		{3A97F2DA-7824-467F-A78C-4E294D1496C4} = {A0A04B44-47AC-4813-900B-176CC4CD102A}
		{97207750-6972-232F-BB7B-6106666106AF} = {F1580552-0AE5-41E6-8F78-A734466696B7}
		{FD8F8167-DF45-443E-B772-79A52C4BBB8E} = {A0A04B44-47AC-4813-900B-176CC4CD102A}
		{8D6B33C5-CEE1-20B5-A207-99CBB61F699C} = {02EA681E-C7D8-13C7-8484-4AC65E1B71E8}
		{E6F190E7-B675-6E01-F209-BD476091BC92} = {1DA82394-9E89-47EA-B1A3-EF3464F143D2}
	EndGlobalSection
	GlobalSection(ExtensibilityGlobals) = postSolution
		SolutionGuid = {E164FC08-74C4-445A-A3A5-A6972E204C07}
	EndGlobalSection
EndGlobal
